
Microsoft Visual Studio Solution File, Format Version 12.00
# Visual Studio Version 16
VisualStudioVersion = 16.0.30804.86
MinimumVisualStudioVersion = 10.0.40219.1
Project("{FAE04EC0-301F-11D3-BF4B-00C04F79EFBC}") = "hsa-lab7", "hsa-lab7\hsa-lab7.csproj", "{655C7BB0-F81A-47DD-9309-14FADD601DB4}"
EndProject
Global
	GlobalSection(SolutionConfigurationPlatforms) = preSolution
		Debug|Any CPU = Debug|Any CPU
		Release|Any CPU = Release|Any CPU
	EndGlobalSection
	GlobalSection(ProjectConfigurationPlatforms) = postSolution
		{655C7BB0-F81A-47DD-9309-14FADD601DB4}.Debug|Any CPU.ActiveCfg = Debug|Any CPU
		{655C7BB0-F81A-47DD-9309-14FADD601DB4}.Debug|Any CPU.Build.0 = Debug|Any CPU
		{655C7BB0-F81A-47DD-9309-14FADD601DB4}.Release|Any CPU.ActiveCfg = Release|Any CPU
		{655C7BB0-F81A-47DD-9309-14FADD601DB4}.Release|Any CPU.Build.0 = Release|Any CPU
	EndGlobalSection
	GlobalSection(SolutionProperties) = preSolution
		HideSolutionNode = FALSE
	EndGlobalSection
	GlobalSection(ExtensibilityGlobals) = postSolution
		SolutionGuid = {4923437F-E89D-424C-B0E4-97B5C3C9338F}
	EndGlobalSection
EndGlobal
